
Microsoft Visual Studio Solution File, Format Version 12.00
# Visual Studio Version 16
VisualStudioVersion = 16.0.30503.244
MinimumVisualStudioVersion = 10.0.40219.1
Project("{FAE04EC0-301F-11D3-BF4B-00C04F79EFBC}") = "faster-food-backend", "faster-food-backend\faster-food-backend.csproj", "{C7E7AA9B-E4D3-400F-8328-F934B4CD018D}"
EndProject
Global
	GlobalSection(SolutionConfigurationPlatforms) = preSolution
		Debug|Any CPU = Debug|Any CPU
		Release|Any CPU = Release|Any CPU
	EndGlobalSection
	GlobalSection(ProjectConfigurationPlatforms) = postSolution
		{C7E7AA9B-E4D3-400F-8328-F934B4CD018D}.Debug|Any CPU.ActiveCfg = Debug|Any CPU
		{C7E7AA9B-E4D3-400F-8328-F934B4CD018D}.Debug|Any CPU.Build.0 = Debug|Any CPU
		{C7E7AA9B-E4D3-400F-8328-F934B4CD018D}.Release|Any CPU.ActiveCfg = Release|Any CPU
		{C7E7AA9B-E4D3-400F-8328-F934B4CD018D}.Release|Any CPU.Build.0 = Release|Any CPU
	EndGlobalSection
	GlobalSection(SolutionProperties) = preSolution
		HideSolutionNode = FALSE
	EndGlobalSection
	GlobalSection(ExtensibilityGlobals) = postSolution
		SolutionGuid = {178453FE-FD21-4B0E-A999-CA90AE2E03AC}
	EndGlobalSection
EndGlobal
